
Microsoft Visual Studio Solution File, Format Version 12.00
# Visual Studio Version 17
VisualStudioVersion = 17.5.33530.505
MinimumVisualStudioVersion = 10.0.40219.1
Project("{9A19103F-16F7-4668-BE54-9A1E7A4F7556}") = "HKCR.API", "HKCR.API\HKCR.API.csproj", "{6E4DF717-1CE3-4522-8C5D-C6B56C35C0C4}"
EndProject
Project("{9A19103F-16F7-4668-BE54-9A1E7A4F7556}") = "HKCR.Application", "HKCR.Application\HKCR.Application.csproj", "{BA0C6D1C-16FD-42A9-BCDB-3EE0F8A98227}"
EndProject
Project("{9A19103F-16F7-4668-BE54-9A1E7A4F7556}") = "HKCR.Domain", "HKCR.Domain\HKCR.Domain.csproj", "{BEDE73C0-7C43-4FD2-9EC6-45F273A7D870}"
EndProject
Project("{9A19103F-16F7-4668-BE54-9A1E7A4F7556}") = "HKCR.Infra", "HKCR.Infra\HKCR.Infra.csproj", "{569E16DA-7E10-4A9E-9B6F-C89F832AE4C2}"
EndProject
Project("{2150E333-8FDC-42A3-9474-1A3956D46DE8}") = "Solution Items", "Solution Items", "{A3534595-529C-45C7-97D6-65FF8A769969}"
	ProjectSection(SolutionItems) = preProject
		.gitignore = .gitignore
	EndProjectSection
EndProject
Global
	GlobalSection(SolutionConfigurationPlatforms) = preSolution
		Debug|Any CPU = Debug|Any CPU
		Release|Any CPU = Release|Any CPU
	EndGlobalSection
	GlobalSection(ProjectConfigurationPlatforms) = postSolution
		{6E4DF717-1CE3-4522-8C5D-C6B56C35C0C4}.Debug|Any CPU.ActiveCfg = Debug|Any CPU
		{6E4DF717-1CE3-4522-8C5D-C6B56C35C0C4}.Debug|Any CPU.Build.0 = Debug|Any CPU
		{6E4DF717-1CE3-4522-8C5D-C6B56C35C0C4}.Release|Any CPU.ActiveCfg = Release|Any CPU
		{6E4DF717-1CE3-4522-8C5D-C6B56C35C0C4}.Release|Any CPU.Build.0 = Release|Any CPU
		{BA0C6D1C-16FD-42A9-BCDB-3EE0F8A98227}.Debug|Any CPU.ActiveCfg = Debug|Any CPU
		{BA0C6D1C-16FD-42A9-BCDB-3EE0F8A98227}.Debug|Any CPU.Build.0 = Debug|Any CPU
		{BA0C6D1C-16FD-42A9-BCDB-3EE0F8A98227}.Release|Any CPU.ActiveCfg = Release|Any CPU
		{BA0C6D1C-16FD-42A9-BCDB-3EE0F8A98227}.Release|Any CPU.Build.0 = Release|Any CPU
		{BEDE73C0-7C43-4FD2-9EC6-45F273A7D870}.Debug|Any CPU.ActiveCfg = Debug|Any CPU
		{BEDE73C0-7C43-4FD2-9EC6-45F273A7D870}.Debug|Any CPU.Build.0 = Debug|Any CPU
		{BEDE73C0-7C43-4FD2-9EC6-45F273A7D870}.Release|Any CPU.ActiveCfg = Release|Any CPU
		{BEDE73C0-7C43-4FD2-9EC6-45F273A7D870}.Release|Any CPU.Build.0 = Release|Any CPU
		{569E16DA-7E10-4A9E-9B6F-C89F832AE4C2}.Debug|Any CPU.ActiveCfg = Debug|Any CPU
		{569E16DA-7E10-4A9E-9B6F-C89F832AE4C2}.Debug|Any CPU.Build.0 = Debug|Any CPU
		{569E16DA-7E10-4A9E-9B6F-C89F832AE4C2}.Release|Any CPU.ActiveCfg = Release|Any CPU
		{569E16DA-7E10-4A9E-9B6F-C89F832AE4C2}.Release|Any CPU.Build.0 = Release|Any CPU
	EndGlobalSection
	GlobalSection(SolutionProperties) = preSolution
		HideSolutionNode = FALSE
	EndGlobalSection
	GlobalSection(ExtensibilityGlobals) = postSolution
		SolutionGuid = {0D4A9EBE-4716-44CD-8A5B-D2321E6DA37B}
	EndGlobalSection
EndGlobal
